// !$*UTF8*$!
{
	archiveVersion = 1;
	classes = {
	};
	objectVersion = 56;
	objects = {

/* Begin PBXBuildFile section */
		8B696B372B3E9C8A00B196CF /* Wizard.swift in Sources */ = {isa = PBXBuildFile; fileRef = 8B696B362B3E9C8A00B196CF /* Wizard.swift */; };
		8B696B392B3E9C8A00B196CF /* ContentView.swift in Sources */ = {isa = PBXBuildFile; fileRef = 8B696B382B3E9C8A00B196CF /* ContentView.swift */; };
		8B696B3B2B3E9C8A00B196CF /* Assets.xcassets in Resources */ = {isa = PBXBuildFile; fileRef = 8B696B3A2B3E9C8A00B196CF /* Assets.xcassets */; };
		8B696B3E2B3E9C8A00B196CF /* Preview Assets.xcassets in Resources */ = {isa = PBXBuildFile; fileRef = 8B696B3D2B3E9C8A00B196CF /* Preview Assets.xcassets */; };
		8BB6CF802B412F6C00155FBA /* Info.plist in Resources */ = {isa = PBXBuildFile; fileRef = 8BB6CF7F2B412F6C00155FBA /* Info.plist */; };
		8BEA67AD2B404E5E003D7397 /* ViewController.swift in Sources */ = {isa = PBXBuildFile; fileRef = 8BEA67AC2B404E5E003D7397 /* ViewController.swift */; };
		8BEA67AF2B404E72003D7397 /* AppDelegate.swift in Sources */ = {isa = PBXBuildFile; fileRef = 8BEA67AE2B404E72003D7397 /* AppDelegate.swift */; };
		8BEA67B12B40515D003D7397 /* ChatGPTNetworkManager.swift in Sources */ = {isa = PBXBuildFile; fileRef = 8BEA67B02B40515D003D7397 /* ChatGPTNetworkManager.swift */; };
/* End PBXBuildFile section */

/* Begin PBXFileReference section */
		8B696B332B3E9C8A00B196CF /* Wizard.app */ = {isa = PBXFileReference; explicitFileType = wrapper.application; includeInIndex = 0; path = Wizard.app; sourceTree = BUILT_PRODUCTS_DIR; };
		8B696B362B3E9C8A00B196CF /* Wizard.swift */ = {isa = PBXFileReference; lastKnownFileType = sourcecode.swift; path = Wizard.swift; sourceTree = "<group>"; };
		8B696B382B3E9C8A00B196CF /* ContentView.swift */ = {isa = PBXFileReference; lastKnownFileType = sourcecode.swift; path = ContentView.swift; sourceTree = "<group>"; };
		8B696B3A2B3E9C8A00B196CF /* Assets.xcassets */ = {isa = PBXFileReference; lastKnownFileType = folder.assetcatalog; path = Assets.xcassets; sourceTree = "<group>"; };
		8B696B3D2B3E9C8A00B196CF /* Preview Assets.xcassets */ = {isa = PBXFileReference; lastKnownFileType = folder.assetcatalog; path = "Preview Assets.xcassets"; sourceTree = "<group>"; };
		8B696B3F2B3E9C8A00B196CF /* Wizard.entitlements */ = {isa = PBXFileReference; lastKnownFileType = text.plist.entitlements; path = Wizard.entitlements; sourceTree = "<group>"; };
		8BB6CF7A2B412D3400155FBA /* Secrets.xcconfig */ = {isa = PBXFileReference; lastKnownFileType = text.xcconfig; path = Secrets.xcconfig; sourceTree = "<group>"; };
		8BB6CF7F2B412F6C00155FBA /* Info.plist */ = {isa = PBXFileReference; lastKnownFileType = text.plist.xml; path = Info.plist; sourceTree = "<group>"; };
		8BEA67AC2B404E5E003D7397 /* ViewController.swift */ = {isa = PBXFileReference; lastKnownFileType = sourcecode.swift; path = ViewController.swift; sourceTree = "<group>"; };
		8BEA67AE2B404E72003D7397 /* AppDelegate.swift */ = {isa = PBXFileReference; lastKnownFileType = sourcecode.swift; path = AppDelegate.swift; sourceTree = "<group>"; };
		8BEA67B02B40515D003D7397 /* ChatGPTNetworkManager.swift */ = {isa = PBXFileReference; lastKnownFileType = sourcecode.swift; path = ChatGPTNetworkManager.swift; sourceTree = "<group>"; };
/* End PBXFileReference section */

/* Begin PBXFrameworksBuildPhase section */
		8B696B302B3E9C8A00B196CF /* Frameworks */ = {
			isa = PBXFrameworksBuildPhase;
			buildActionMask = 2147483647;
			files = (
			);
			runOnlyForDeploymentPostprocessing = 0;
		};
/* End PBXFrameworksBuildPhase section */

/* Begin PBXGroup section */
		8B696B2A2B3E9C8A00B196CF = {
			isa = PBXGroup;
			children = (
				8BB6CF7F2B412F6C00155FBA /* Info.plist */,
				8B696B342B3E9C8A00B196CF /* Products */,
				8BB6CF7A2B412D3400155FBA /* Secrets.xcconfig */,
				8B696B352B3E9C8A00B196CF /* Wizard */,
			);
			sourceTree = "<group>";
		};
		8B696B342B3E9C8A00B196CF /* Products */ = {
			isa = PBXGroup;
			children = (
				8B696B332B3E9C8A00B196CF /* Wizard.app */,
			);
			name = Products;
			sourceTree = "<group>";
		};
		8B696B352B3E9C8A00B196CF /* Wizard */ = {
			isa = PBXGroup;
			children = (
				8BEA67AE2B404E72003D7397 /* AppDelegate.swift */,
				8B696B3A2B3E9C8A00B196CF /* Assets.xcassets */,
				8B696B382B3E9C8A00B196CF /* ContentView.swift */,
				8BEA67B22B405560003D7397 /* Networking */,
				8B696B3C2B3E9C8A00B196CF /* Preview Content */,
				8BEA67AC2B404E5E003D7397 /* ViewController.swift */,
				8B696B3F2B3E9C8A00B196CF /* Wizard.entitlements */,
				8B696B362B3E9C8A00B196CF /* Wizard.swift */,
			);
			path = Wizard;
			sourceTree = "<group>";
		};
		8B696B3C2B3E9C8A00B196CF /* Preview Content */ = {
			isa = PBXGroup;
			children = (
				8B696B3D2B3E9C8A00B196CF /* Preview Assets.xcassets */,
			);
			path = "Preview Content";
			sourceTree = "<group>";
		};
		8BEA67B22B405560003D7397 /* Networking */ = {
			isa = PBXGroup;
			children = (
				8BEA67B02B40515D003D7397 /* ChatGPTNetworkManager.swift */,
			);
			name = Networking;
			sourceTree = "<group>";
		};
/* End PBXGroup section */

/* Begin PBXNativeTarget section */
		8B696B322B3E9C8A00B196CF /* Wizard */ = {
			isa = PBXNativeTarget;
			buildConfigurationList = 8B696B422B3E9C8A00B196CF /* Build configuration list for PBXNativeTarget "Wizard" */;
			buildPhases = (
				8B696B2F2B3E9C8A00B196CF /* Sources */,
				8B696B302B3E9C8A00B196CF /* Frameworks */,
				8B696B312B3E9C8A00B196CF /* Resources */,
			);
			buildRules = (
			);
			dependencies = (
			);
			name = Wizard;
			productName = Wizard;
			productReference = 8B696B332B3E9C8A00B196CF /* Wizard.app */;
			productType = "com.apple.product-type.application";
		};
/* End PBXNativeTarget section */

/* Begin PBXProject section */
		8B696B2B2B3E9C8A00B196CF /* Project object */ = {
			isa = PBXProject;
			attributes = {
				BuildIndependentTargetsInParallel = 1;
				LastSwiftUpdateCheck = 1510;
				LastUpgradeCheck = 1510;
				TargetAttributes = {
					8B696B322B3E9C8A00B196CF = {
						CreatedOnToolsVersion = 15.1;
					};
				};
			};
			buildConfigurationList = 8B696B2E2B3E9C8A00B196CF /* Build configuration list for PBXProject "Wizard" */;
			compatibilityVersion = "Xcode 14.0";
			developmentRegion = en;
			hasScannedForEncodings = 0;
			knownRegions = (
				en,
				Base,
			);
			mainGroup = 8B696B2A2B3E9C8A00B196CF;
			productRefGroup = 8B696B342B3E9C8A00B196CF /* Products */;
			projectDirPath = "";
			projectRoot = "";
			targets = (
				8B696B322B3E9C8A00B196CF /* Wizard */,
			);
		};
/* End PBXProject section */

/* Begin PBXResourcesBuildPhase section */
		8B696B312B3E9C8A00B196CF /* Resources */ = {
			isa = PBXResourcesBuildPhase;
			buildActionMask = 2147483647;
			files = (
				8B696B3B2B3E9C8A00B196CF /* Assets.xcassets in Resources */,
				8BB6CF802B412F6C00155FBA /* Info.plist in Resources */,
				8B696B3E2B3E9C8A00B196CF /* Preview Assets.xcassets in Resources */,
			);
			runOnlyForDeploymentPostprocessing = 0;
		};
/* End PBXResourcesBuildPhase section */

/* Begin PBXSourcesBuildPhase section */
		8B696B2F2B3E9C8A00B196CF /* Sources */ = {
			isa = PBXSourcesBuildPhase;
			buildActionMask = 2147483647;
			files = (
				8BEA67AF2B404E72003D7397 /* AppDelegate.swift in Sources */,
				8BEA67B12B40515D003D7397 /* ChatGPTNetworkManager.swift in Sources */,
				8B696B392B3E9C8A00B196CF /* ContentView.swift in Sources */,
				8BEA67AD2B404E5E003D7397 /* ViewController.swift in Sources */,
				8B696B372B3E9C8A00B196CF /* Wizard.swift in Sources */,
			);
			runOnlyForDeploymentPostprocessing = 0;
		};
/* End PBXSourcesBuildPhase section */

/* Begin XCBuildConfiguration section */
		8B696B402B3E9C8A00B196CF /* Debug */ = {
			isa = XCBuildConfiguration;
			baseConfigurationReference = 8BB6CF7A2B412D3400155FBA /* Secrets.xcconfig */;
			buildSettings = {
				ALWAYS_SEARCH_USER_PATHS = NO;
				ASSETCATALOG_COMPILER_GENERATE_SWIFT_ASSET_SYMBOL_EXTENSIONS = YES;
				CLANG_ANALYZER_NONNULL = YES;
				CLANG_ANALYZER_NUMBER_OBJECT_CONVERSION = YES_AGGRESSIVE;
				CLANG_CXX_LANGUAGE_STANDARD = "gnu++20";
				CLANG_ENABLE_MODULES = YES;
				CLANG_ENABLE_OBJC_ARC = YES;
				CLANG_ENABLE_OBJC_WEAK = YES;
				CLANG_WARN_BLOCK_CAPTURE_AUTORELEASING = YES;
				CLANG_WARN_BOOL_CONVERSION = YES;
				CLANG_WARN_COMMA = YES;
				CLANG_WARN_CONSTANT_CONVERSION = YES;
				CLANG_WARN_DEPRECATED_OBJC_IMPLEMENTATIONS = YES;
				CLANG_WARN_DIRECT_OBJC_ISA_USAGE = YES_ERROR;
				CLANG_WARN_DOCUMENTATION_COMMENTS = YES;
				CLANG_WARN_EMPTY_BODY = YES;
				CLANG_WARN_ENUM_CONVERSION = YES;
				CLANG_WARN_INFINITE_RECURSION = YES;
				CLANG_WARN_INT_CONVERSION = YES;
				CLANG_WARN_NON_LITERAL_NULL_CONVERSION = YES;
				CLANG_WARN_OBJC_IMPLICIT_RETAIN_SELF = YES;
				CLANG_WARN_OBJC_LITERAL_CONVERSION = YES;
				CLANG_WARN_OBJC_ROOT_CLASS = YES_ERROR;
				CLANG_WARN_QUOTED_INCLUDE_IN_FRAMEWORK_HEADER = YES;
				CLANG_WARN_RANGE_LOOP_ANALYSIS = YES;
				CLANG_WARN_STRICT_PROTOTYPES = YES;
				CLANG_WARN_SUSPICIOUS_MOVE = YES;
				CLANG_WARN_UNGUARDED_AVAILABILITY = YES_AGGRESSIVE;
				CLANG_WARN_UNREACHABLE_CODE = YES;
				CLANG_WARN__DUPLICATE_METHOD_MATCH = YES;
				COPY_PHASE_STRIP = NO;
				DEBUG_INFORMATION_FORMAT = dwarf;
				ENABLE_STRICT_OBJC_MSGSEND = YES;
				ENABLE_TESTABILITY = YES;
				ENABLE_USER_SCRIPT_SANDBOXING = YES;
				GCC_C_LANGUAGE_STANDARD = gnu17;
				GCC_DYNAMIC_NO_PIC = NO;
				GCC_NO_COMMON_BLOCKS = YES;
				GCC_OPTIMIZATION_LEVEL = 0;
				GCC_PREPROCESSOR_DEFINITIONS = (
					"DEBUG=1",
					"$(inherited)",
				);
				GCC_WARN_64_TO_32_BIT_CONVERSION = YES;
				GCC_WARN_ABOUT_RETURN_TYPE = YES_ERROR;
				GCC_WARN_UNDECLARED_SELECTOR = YES;
				GCC_WARN_UNINITIALIZED_AUTOS = YES_AGGRESSIVE;
				GCC_WARN_UNUSED_FUNCTION = YES;
				GCC_WARN_UNUSED_VARIABLE = YES;
				LOCALIZATION_PREFERS_STRING_CATALOGS = YES;
				MACOSX_DEPLOYMENT_TARGET = 14.2;
				MTL_ENABLE_DEBUG_INFO = INCLUDE_SOURCE;
				MTL_FAST_MATH = YES;
				ONLY_ACTIVE_ARCH = YES;
				SDKROOT = macosx;
				SWIFT_ACTIVE_COMPILATION_CONDITIONS = "DEBUG $(inherited)";
				SWIFT_OPTIMIZATION_LEVEL = "-Onone";
			};
			name = Debug;
		};
		8B696B412B3E9C8A00B196CF /* Release */ = {
			isa = XCBuildConfiguration;
			buildSettings = {
				ALWAYS_SEARCH_USER_PATHS = NO;
				ASSETCATALOG_COMPILER_GENERATE_SWIFT_ASSET_SYMBOL_EXTENSIONS = YES;
				CLANG_ANALYZER_NONNULL = YES;
				CLANG_ANALYZER_NUMBER_OBJECT_CONVERSION = YES_AGGRESSIVE;
				CLANG_CXX_LANGUAGE_STANDARD = "gnu++20";
				CLANG_ENABLE_MODULES = YES;
				CLANG_ENABLE_OBJC_ARC = YES;
				CLANG_ENABLE_OBJC_WEAK = YES;
				CLANG_WARN_BLOCK_CAPTURE_AUTORELEASING = YES;
				CLANG_WARN_BOOL_CONVERSION = YES;
				CLANG_WARN_COMMA = YES;
				CLANG_WARN_CONSTANT_CONVERSION = YES;
				CLANG_WARN_DEPRECATED_OBJC_IMPLEMENTATIONS = YES;
				CLANG_WARN_DIRECT_OBJC_ISA_USAGE = YES_ERROR;
				CLANG_WARN_DOCUMENTATION_COMMENTS = YES;
				CLANG_WARN_EMPTY_BODY = YES;
				CLANG_WARN_ENUM_CONVERSION = YES;
				CLANG_WARN_INFINITE_RECURSION = YES;
				CLANG_WARN_INT_CONVERSION = YES;
				CLANG_WARN_NON_LITERAL_NULL_CONVERSION = YES;
				CLANG_WARN_OBJC_IMPLICIT_RETAIN_SELF = YES;
				CLANG_WARN_OBJC_LITERAL_CONVERSION = YES;
				CLANG_WARN_OBJC_ROOT_CLASS = YES_ERROR;
				CLANG_WARN_QUOTED_INCLUDE_IN_FRAMEWORK_HEADER = YES;
				CLANG_WARN_RANGE_LOOP_ANALYSIS = YES;
				CLANG_WARN_STRICT_PROTOTYPES = YES;
				CLANG_WARN_SUSPICIOUS_MOVE = YES;
				CLANG_WARN_UNGUARDED_AVAILABILITY = YES_AGGRESSIVE;
				CLANG_WARN_UNREACHABLE_CODE = YES;
				CLANG_WARN__DUPLICATE_METHOD_MATCH = YES;
				COPY_PHASE_STRIP = NO;
				DEBUG_INFORMATION_FORMAT = "dwarf-with-dsym";
				ENABLE_NS_ASSERTIONS = NO;
				ENABLE_STRICT_OBJC_MSGSEND = YES;
				ENABLE_USER_SCRIPT_SANDBOXING = YES;
				GCC_C_LANGUAGE_STANDARD = gnu17;
				GCC_NO_COMMON_BLOCKS = YES;
				GCC_WARN_64_TO_32_BIT_CONVERSION = YES;
				GCC_WARN_ABOUT_RETURN_TYPE = YES_ERROR;
				GCC_WARN_UNDECLARED_SELECTOR = YES;
				GCC_WARN_UNINITIALIZED_AUTOS = YES_AGGRESSIVE;
				GCC_WARN_UNUSED_FUNCTION = YES;
				GCC_WARN_UNUSED_VARIABLE = YES;
				LOCALIZATION_PREFERS_STRING_CATALOGS = YES;
				MACOSX_DEPLOYMENT_TARGET = 14.2;
				MTL_ENABLE_DEBUG_INFO = NO;
				MTL_FAST_MATH = YES;
				SDKROOT = macosx;
				SWIFT_COMPILATION_MODE = wholemodule;
			};
			name = Release;
		};
		8B696B432B3E9C8A00B196CF /* Debug */ = {
			isa = XCBuildConfiguration;
			baseConfigurationReference = 8BB6CF7A2B412D3400155FBA /* Secrets.xcconfig */;
			buildSettings = {
				ASSETCATALOG_COMPILER_APPICON_NAME = AppIcon;
				ASSETCATALOG_COMPILER_GLOBAL_ACCENT_COLOR_NAME = AccentColor;
				CODE_SIGN_ENTITLEMENTS = Wizard/Wizard.entitlements;
				CODE_SIGN_IDENTITY = "Apple Development";
				"CODE_SIGN_IDENTITY[sdk=macosx*]" = "-";
				CODE_SIGN_STYLE = Automatic;
				COMBINE_HIDPI_IMAGES = YES;
				CURRENT_PROJECT_VERSION = 1;
				DEVELOPMENT_ASSET_PATHS = "\"Wizard/Preview Content\"";
				DEVELOPMENT_TEAM = VMVQ575S4L;
				ENABLE_HARDENED_RUNTIME = YES;
				ENABLE_PREVIEWS = YES;
				GENERATE_INFOPLIST_FILE = YES;
				INFOPLIST_KEY_CFBundleDisplayName = Wizard;
				INFOPLIST_KEY_LSApplicationCategoryType = "public.app-category.developer-tools";
				INFOPLIST_KEY_NSHumanReadableCopyright = "";
				LD_RUNPATH_SEARCH_PATHS = (
					"$(inherited)",
					"@executable_path/../Frameworks",
				);
				MARKETING_VERSION = 1.0;
				PRODUCT_BUNDLE_IDENTIFIER = rekreation.Wizard;
				PRODUCT_NAME = "$(TARGET_NAME)";
				PROVISIONING_PROFILE_SPECIFIER = "";
				SWIFT_EMIT_LOC_STRINGS = YES;
				SWIFT_VERSION = 5.0;
			};
			name = Debug;
		};
		8B696B442B3E9C8A00B196CF /* Release */ = {
			isa = XCBuildConfiguration;
			buildSettings = {
				ASSETCATALOG_COMPILER_APPICON_NAME = AppIcon;
				ASSETCATALOG_COMPILER_GLOBAL_ACCENT_COLOR_NAME = AccentColor;
				CODE_SIGN_ENTITLEMENTS = Wizard/Wizard.entitlements;
				CODE_SIGN_IDENTITY = "Apple Development";
				CODE_SIGN_STYLE = Automatic;
				COMBINE_HIDPI_IMAGES = YES;
				CURRENT_PROJECT_VERSION = 1;
				DEVELOPMENT_ASSET_PATHS = "\"Wizard/Preview Content\"";
				DEVELOPMENT_TEAM = VMVQ575S4L;
				ENABLE_HARDENED_RUNTIME = YES;
				ENABLE_PREVIEWS = YES;
				GENERATE_INFOPLIST_FILE = YES;
				INFOPLIST_KEY_CFBundleDisplayName = Wizard;
				INFOPLIST_KEY_LSApplicationCategoryType = "public.app-category.developer-tools";
				INFOPLIST_KEY_NSHumanReadableCopyright = "";
				LD_RUNPATH_SEARCH_PATHS = (
					"$(inherited)",
					"@executable_path/../Frameworks",
				);
				MARKETING_VERSION = 1.0;
				PRODUCT_BUNDLE_IDENTIFIER = rekreation.Wizard;
				PRODUCT_NAME = "$(TARGET_NAME)";
				PROVISIONING_PROFILE_SPECIFIER = "";
				SWIFT_EMIT_LOC_STRINGS = YES;
				SWIFT_VERSION = 5.0;
			};
			name = Release;
		};
/* End XCBuildConfiguration section */

/* Begin XCConfigurationList section */
		8B696B2E2B3E9C8A00B196CF /* Build configuration list for PBXProject "Wizard" */ = {
			isa = XCConfigurationList;
			buildConfigurations = (
				8B696B402B3E9C8A00B196CF /* Debug */,
				8B696B412B3E9C8A00B196CF /* Release */,
			);
			defaultConfigurationIsVisible = 0;
			defaultConfigurationName = Release;
		};
		8B696B422B3E9C8A00B196CF /* Build configuration list for PBXNativeTarget "Wizard" */ = {
			isa = XCConfigurationList;
			buildConfigurations = (
				8B696B432B3E9C8A00B196CF /* Debug */,
				8B696B442B3E9C8A00B196CF /* Release */,
			);
			defaultConfigurationIsVisible = 0;
			defaultConfigurationName = Release;
		};
/* End XCConfigurationList section */
	};
	rootObject = 8B696B2B2B3E9C8A00B196CF /* Project object */;
}
